{
  "nodes": {
    "circular": {
      "inputs": {
        "flake-utils": [
          "flake-utils"
        ],
        "nixpkgs": [
          "nixpkgs"
        ]
      },
      "locked": {
        "lastModified": 1666602114,
        "narHash": "sha256-DVAyw1eBMiDPSZ2mw/Bk3J0WQHS+G10PJBFtTCBJMzQ=",
        "owner": "dschrempf",
        "repo": "circular",
        "rev": "8dae4d3c7f8ce666f7782d379cdafee3eb034617",
        "type": "github"
      },
      "original": {
        "owner": "dschrempf",
        "repo": "circular",
        "type": "github"
      }
    },
    "covariance": {
      "inputs": {
        "flake-utils": [
          "flake-utils"
        ],
        "nixpkgs": [
          "nixpkgs"
        ]
      },
      "locked": {
        "lastModified": 1666602414,
        "narHash": "sha256-7gRWSXtCS9R7wCqof3pFKXOGGYAfoyA3X2h8ub704bI=",
        "owner": "dschrempf",
        "repo": "covariance",
        "rev": "5ff556116967caf9cabc57d24a3707f7450eb3af",
        "type": "github"
      },
      "original": {
        "owner": "dschrempf",
        "repo": "covariance",
        "type": "github"
      }
    },
    "dirichlet": {
      "inputs": {
        "flake-utils": [
          "flake-utils"
        ],
        "nixpkgs": [
          "nixpkgs"
        ]
      },
      "locked": {
        "lastModified": 1666602540,
        "narHash": "sha256-9O+kYzQ/++6R+3IzzcJkGeQQ7uLrc+k8DpYhBIyvqJ4=",
        "owner": "dschrempf",
        "repo": "dirichlet",
        "rev": "deb3c9b7394df87ce6aca32392716b13ad1206eb",
        "type": "github"
      },
      "original": {
        "owner": "dschrempf",
        "repo": "dirichlet",
        "type": "github"
      }
    },
    "dschrempf-nur": {
      "inputs": {
        "flake-utils": [
          "flake-utils"
        ],
        "nixpkgs": [
          "nixpkgs"
        ]
      },
      "locked": {
        "lastModified": 1666011241,
        "narHash": "sha256-ukOv6fWvMxxgsKRUHRVhlsXxdazK/Jx7Bgh0JpoExas=",
        "owner": "dschrempf",
        "repo": "nur-packages",
        "rev": "b26da1b4daa9e904926ef73975870e3d22e62600",
        "type": "github"
      },
      "original": {
        "owner": "dschrempf",
        "repo": "nur-packages",
        "type": "github"
      }
    },
    "elynx": {
      "inputs": {
        "flake-utils": [
          "flake-utils"
        ],
        "nixpkgs": [
          "nixpkgs"
        ]
      },
      "locked": {
        "lastModified": 1666604261,
        "narHash": "sha256-NG8Dwjjbr7GJQd4uu/przWNzHNxp1WqUv2BDjqaSrEk=",
        "owner": "dschrempf",
        "repo": "elynx",
        "rev": "5ea5e13febd180577cb22574f3aaddeec012fb83",
        "type": "github"
      },
      "original": {
        "owner": "dschrempf",
        "repo": "elynx",
        "type": "github"
      }
    },
    "flake-utils": {
      "locked": {
        "lastModified": 1659877975,
        "narHash": "sha256-zllb8aq3YO3h8B/U0/J1WBgAL8EX5yWf5pMj3G0NAmc=",
        "owner": "numtide",
        "repo": "flake-utils",
        "rev": "c0e246b9b83f637f4681389ecabcb2681b4f3af0",
        "type": "github"
      },
      "original": {
        "owner": "numtide",
        "repo": "flake-utils",
        "type": "github"
      }
    },
    "mcmc": {
      "inputs": {
        "circular": [
          "circular"
        ],
        "covariance": [
          "covariance"
        ],
        "dirichlet": [
          "dirichlet"
        ],
        "flake-utils": [
          "flake-utils"
        ],
        "nixpkgs": [
          "nixpkgs"
        ],
        "pava": [
          "pava"
        ]
      },
      "locked": {
        "lastModified": 1666604279,
        "narHash": "sha256-MK5BZZ9dtJpn7fPnsdkMnxS/KpsNomIgETRv6FW+e9s=",
        "owner": "dschrempf",
        "repo": "mcmc",
        "rev": "ce7282acd980ee5073c12bd9ddc6afc0b8d5780b",
        "type": "github"
      },
      "original": {
        "owner": "dschrempf",
        "repo": "mcmc",
        "type": "github"
      }
    },
    "nixpkgs": {
      "locked": {
        "lastModified": 1666575821,
        "narHash": "sha256-m9JHuEUXLMyRKvx4DHTwkOwbrslfEb1cIawqDH49Odg=",
        "owner": "NixOS",
        "repo": "nixpkgs",
        "rev": "afd4752a3812a30f21adcc909484dd677e53b849",
        "type": "github"
      },
      "original": {
        "owner": "NixOS",
        "ref": "nixos-unstable-small",
        "repo": "nixpkgs",
        "type": "github"
      }
    },
    "pava": {
      "inputs": {
        "flake-utils": [
          "flake-utils"
        ],
        "nixpkgs": [
          "nixpkgs"
        ]
      },
      "locked": {
        "lastModified": 1666602608,
        "narHash": "sha256-fOhwXW5Yh4NfPrvLrmYaXqKxQM/BDygVy0fY6PV2Rf8=",
        "owner": "dschrempf",
        "repo": "pava",
        "rev": "4815ad7daf0d20d437848fa503dfdff06c25e23d",
        "type": "github"
      },
      "original": {
        "owner": "dschrempf",
        "repo": "pava",
        "type": "github"
      }
    },
    "root": {
      "inputs": {
        "circular": "circular",
        "covariance": "covariance",
        "dirichlet": "dirichlet",
        "dschrempf-nur": "dschrempf-nur",
        "elynx": "elynx",
        "flake-utils": "flake-utils",
        "mcmc": "mcmc",
        "nixpkgs": "nixpkgs",
        "pava": "pava"
      }
    }
  },
  "root": "root",
  "version": 7
}
