{
  "nodes": {
    "circular": {
      "inputs": {
        "flake-utils": "flake-utils",
        "nixpkgs": "nixpkgs"
      },
      "locked": {
        "lastModified": 1654778505,
        "narHash": "sha256-7II+8+Zen+YxqiK771LV0a9sIeGgnR3BPwNYpzOLAYI=",
        "owner": "dschrempf",
        "repo": "circular",
        "rev": "164336ef9757e2ffc231a9bdf5360629e770c328",
        "type": "github"
      },
      "original": {
        "owner": "dschrempf",
        "repo": "circular",
        "type": "github"
      }
    },
    "circular_2": {
      "inputs": {
        "flake-utils": "flake-utils_7",
        "nixpkgs": "nixpkgs_6"
      },
      "locked": {
        "lastModified": 1654778505,
        "narHash": "sha256-7II+8+Zen+YxqiK771LV0a9sIeGgnR3BPwNYpzOLAYI=",
        "owner": "dschrempf",
        "repo": "circular",
        "rev": "164336ef9757e2ffc231a9bdf5360629e770c328",
        "type": "github"
      },
      "original": {
        "owner": "dschrempf",
        "repo": "circular",
        "type": "github"
      }
    },
    "covariance": {
      "inputs": {
        "flake-utils": "flake-utils_2",
        "nixpkgs": "nixpkgs_2"
      },
      "locked": {
        "lastModified": 1654778517,
        "narHash": "sha256-LKyS/0i4vj452tDnl98VMaLCD7lPM3EUxdiJE2UZo/c=",
        "owner": "dschrempf",
        "repo": "covariance",
        "rev": "6bd20f5971e239aedd4460d6fafa74efc8f982a3",
        "type": "github"
      },
      "original": {
        "owner": "dschrempf",
        "repo": "covariance",
        "type": "github"
      }
    },
    "covariance_2": {
      "inputs": {
        "flake-utils": "flake-utils_8",
        "nixpkgs": "nixpkgs_7"
      },
      "locked": {
        "lastModified": 1654778517,
        "narHash": "sha256-LKyS/0i4vj452tDnl98VMaLCD7lPM3EUxdiJE2UZo/c=",
        "owner": "dschrempf",
        "repo": "covariance",
        "rev": "6bd20f5971e239aedd4460d6fafa74efc8f982a3",
        "type": "github"
      },
      "original": {
        "owner": "dschrempf",
        "repo": "covariance",
        "type": "github"
      }
    },
    "dirichlet": {
      "inputs": {
        "flake-utils": "flake-utils_3",
        "nixpkgs": "nixpkgs_3"
      },
      "locked": {
        "lastModified": 1654778527,
        "narHash": "sha256-O6/Ie6r4DaganwHgOitP+wZS2L0ByjODgYBuXi2xCUk=",
        "owner": "dschrempf",
        "repo": "dirichlet",
        "rev": "758f1106d854f7d134c9a7ba672c18bbc1e0d258",
        "type": "github"
      },
      "original": {
        "owner": "dschrempf",
        "repo": "dirichlet",
        "type": "github"
      }
    },
    "dirichlet_2": {
      "inputs": {
        "flake-utils": "flake-utils_9",
        "nixpkgs": "nixpkgs_8"
      },
      "locked": {
        "lastModified": 1654778527,
        "narHash": "sha256-O6/Ie6r4DaganwHgOitP+wZS2L0ByjODgYBuXi2xCUk=",
        "owner": "dschrempf",
        "repo": "dirichlet",
        "rev": "758f1106d854f7d134c9a7ba672c18bbc1e0d258",
        "type": "github"
      },
      "original": {
        "owner": "dschrempf",
        "repo": "dirichlet",
        "type": "github"
      }
    },
    "dschrempf-nur": {
      "inputs": {
        "flake-utils": "flake-utils_4",
        "nixpkgs": "nixpkgs_4"
      },
      "locked": {
        "lastModified": 1649857553,
        "narHash": "sha256-KZMXDIkCB0q12msgfSjWBknB7JmLULLMd5eurQ1gdYk=",
        "owner": "dschrempf",
        "repo": "nur-packages",
        "rev": "037022edf75dfc4ed854a0cac6e3e938266a888c",
        "type": "github"
      },
      "original": {
        "owner": "dschrempf",
        "repo": "nur-packages",
        "type": "github"
      }
    },
    "elynx": {
      "inputs": {
        "flake-utils": "flake-utils_5",
        "nixpkgs": "nixpkgs_5"
      },
      "locked": {
        "lastModified": 1654779534,
        "narHash": "sha256-YBZOJPqBSGlzCdgnzpbBq08zKOgbdX5UUrZLe0RR6n4=",
        "owner": "dschrempf",
        "repo": "elynx",
        "rev": "3e638e0b8917827d84b9e4f5e31e9ae718c8b7de",
        "type": "github"
      },
      "original": {
        "owner": "dschrempf",
        "repo": "elynx",
        "type": "github"
      }
    },
    "flake-utils": {
      "locked": {
        "lastModified": 1653893745,
        "narHash": "sha256-0jntwV3Z8//YwuOjzhV2sgJJPt+HY6KhU7VZUL0fKZQ=",
        "owner": "numtide",
        "repo": "flake-utils",
        "rev": "1ed9fb1935d260de5fe1c2f7ee0ebaae17ed2fa1",
        "type": "github"
      },
      "original": {
        "owner": "numtide",
        "repo": "flake-utils",
        "type": "github"
      }
    },
    "flake-utils_10": {
      "locked": {
        "lastModified": 1653893745,
        "narHash": "sha256-0jntwV3Z8//YwuOjzhV2sgJJPt+HY6KhU7VZUL0fKZQ=",
        "owner": "numtide",
        "repo": "flake-utils",
        "rev": "1ed9fb1935d260de5fe1c2f7ee0ebaae17ed2fa1",
        "type": "github"
      },
      "original": {
        "owner": "numtide",
        "repo": "flake-utils",
        "type": "github"
      }
    },
    "flake-utils_11": {
      "locked": {
        "lastModified": 1653893745,
        "narHash": "sha256-0jntwV3Z8//YwuOjzhV2sgJJPt+HY6KhU7VZUL0fKZQ=",
        "owner": "numtide",
        "repo": "flake-utils",
        "rev": "1ed9fb1935d260de5fe1c2f7ee0ebaae17ed2fa1",
        "type": "github"
      },
      "original": {
        "owner": "numtide",
        "repo": "flake-utils",
        "type": "github"
      }
    },
    "flake-utils_12": {
      "locked": {
        "lastModified": 1653893745,
        "narHash": "sha256-0jntwV3Z8//YwuOjzhV2sgJJPt+HY6KhU7VZUL0fKZQ=",
        "owner": "numtide",
        "repo": "flake-utils",
        "rev": "1ed9fb1935d260de5fe1c2f7ee0ebaae17ed2fa1",
        "type": "github"
      },
      "original": {
        "owner": "numtide",
        "repo": "flake-utils",
        "type": "github"
      }
    },
    "flake-utils_2": {
      "locked": {
        "lastModified": 1653893745,
        "narHash": "sha256-0jntwV3Z8//YwuOjzhV2sgJJPt+HY6KhU7VZUL0fKZQ=",
        "owner": "numtide",
        "repo": "flake-utils",
        "rev": "1ed9fb1935d260de5fe1c2f7ee0ebaae17ed2fa1",
        "type": "github"
      },
      "original": {
        "owner": "numtide",
        "repo": "flake-utils",
        "type": "github"
      }
    },
    "flake-utils_3": {
      "locked": {
        "lastModified": 1653893745,
        "narHash": "sha256-0jntwV3Z8//YwuOjzhV2sgJJPt+HY6KhU7VZUL0fKZQ=",
        "owner": "numtide",
        "repo": "flake-utils",
        "rev": "1ed9fb1935d260de5fe1c2f7ee0ebaae17ed2fa1",
        "type": "github"
      },
      "original": {
        "owner": "numtide",
        "repo": "flake-utils",
        "type": "github"
      }
    },
    "flake-utils_4": {
      "locked": {
        "lastModified": 1649676176,
        "narHash": "sha256-OWKJratjt2RW151VUlJPRALb7OU2S5s+f0vLj4o1bHM=",
        "owner": "numtide",
        "repo": "flake-utils",
        "rev": "a4b154ebbdc88c8498a5c7b01589addc9e9cb678",
        "type": "github"
      },
      "original": {
        "owner": "numtide",
        "repo": "flake-utils",
        "type": "github"
      }
    },
    "flake-utils_5": {
      "locked": {
        "lastModified": 1653893745,
        "narHash": "sha256-0jntwV3Z8//YwuOjzhV2sgJJPt+HY6KhU7VZUL0fKZQ=",
        "owner": "numtide",
        "repo": "flake-utils",
        "rev": "1ed9fb1935d260de5fe1c2f7ee0ebaae17ed2fa1",
        "type": "github"
      },
      "original": {
        "owner": "numtide",
        "repo": "flake-utils",
        "type": "github"
      }
    },
    "flake-utils_6": {
      "locked": {
        "lastModified": 1653893745,
        "narHash": "sha256-0jntwV3Z8//YwuOjzhV2sgJJPt+HY6KhU7VZUL0fKZQ=",
        "owner": "numtide",
        "repo": "flake-utils",
        "rev": "1ed9fb1935d260de5fe1c2f7ee0ebaae17ed2fa1",
        "type": "github"
      },
      "original": {
        "owner": "numtide",
        "repo": "flake-utils",
        "type": "github"
      }
    },
    "flake-utils_7": {
      "locked": {
        "lastModified": 1653893745,
        "narHash": "sha256-0jntwV3Z8//YwuOjzhV2sgJJPt+HY6KhU7VZUL0fKZQ=",
        "owner": "numtide",
        "repo": "flake-utils",
        "rev": "1ed9fb1935d260de5fe1c2f7ee0ebaae17ed2fa1",
        "type": "github"
      },
      "original": {
        "owner": "numtide",
        "repo": "flake-utils",
        "type": "github"
      }
    },
    "flake-utils_8": {
      "locked": {
        "lastModified": 1653893745,
        "narHash": "sha256-0jntwV3Z8//YwuOjzhV2sgJJPt+HY6KhU7VZUL0fKZQ=",
        "owner": "numtide",
        "repo": "flake-utils",
        "rev": "1ed9fb1935d260de5fe1c2f7ee0ebaae17ed2fa1",
        "type": "github"
      },
      "original": {
        "owner": "numtide",
        "repo": "flake-utils",
        "type": "github"
      }
    },
    "flake-utils_9": {
      "locked": {
        "lastModified": 1653893745,
        "narHash": "sha256-0jntwV3Z8//YwuOjzhV2sgJJPt+HY6KhU7VZUL0fKZQ=",
        "owner": "numtide",
        "repo": "flake-utils",
        "rev": "1ed9fb1935d260de5fe1c2f7ee0ebaae17ed2fa1",
        "type": "github"
      },
      "original": {
        "owner": "numtide",
        "repo": "flake-utils",
        "type": "github"
      }
    },
    "mcmc": {
      "inputs": {
        "circular": "circular_2",
        "covariance": "covariance_2",
        "dirichlet": "dirichlet_2",
        "flake-utils": "flake-utils_10",
        "nixpkgs": "nixpkgs_9",
        "pava": "pava"
      },
      "locked": {
        "lastModified": 1655116761,
        "narHash": "sha256-ouErMmpoFQi2eioraFqcAZTqNV0SyUsO/y3RsCr+ZmI=",
        "owner": "dschrempf",
        "repo": "mcmc",
        "rev": "c2309f32d4f70f15dfe4962827e1946753fc2e06",
        "type": "github"
      },
      "original": {
        "owner": "dschrempf",
        "repo": "mcmc",
        "type": "github"
      }
    },
    "nixpkgs": {
      "locked": {
        "lastModified": 1654687877,
        "narHash": "sha256-46TN18Iri3vC6ySdd3Y0HrYjD5SL+OAlMCrtieb9Zfo=",
        "owner": "NixOS",
        "repo": "nixpkgs",
        "rev": "6b94629394148771699231cbac523deedd7c64ed",
        "type": "github"
      },
      "original": {
        "owner": "NixOS",
        "ref": "nixos-unstable-small",
        "repo": "nixpkgs",
        "type": "github"
      }
    },
    "nixpkgs_10": {
      "locked": {
        "lastModified": 1654687877,
        "narHash": "sha256-46TN18Iri3vC6ySdd3Y0HrYjD5SL+OAlMCrtieb9Zfo=",
        "owner": "NixOS",
        "repo": "nixpkgs",
        "rev": "6b94629394148771699231cbac523deedd7c64ed",
        "type": "github"
      },
      "original": {
        "owner": "NixOS",
        "ref": "nixos-unstable-small",
        "repo": "nixpkgs",
        "type": "github"
      }
    },
    "nixpkgs_11": {
      "locked": {
        "lastModified": 1654687877,
        "narHash": "sha256-46TN18Iri3vC6ySdd3Y0HrYjD5SL+OAlMCrtieb9Zfo=",
        "owner": "NixOS",
        "repo": "nixpkgs",
        "rev": "6b94629394148771699231cbac523deedd7c64ed",
        "type": "github"
      },
      "original": {
        "owner": "NixOS",
        "ref": "nixos-unstable-small",
        "repo": "nixpkgs",
        "type": "github"
      }
    },
    "nixpkgs_12": {
      "locked": {
        "lastModified": 1654687877,
        "narHash": "sha256-46TN18Iri3vC6ySdd3Y0HrYjD5SL+OAlMCrtieb9Zfo=",
        "owner": "NixOS",
        "repo": "nixpkgs",
        "rev": "6b94629394148771699231cbac523deedd7c64ed",
        "type": "github"
      },
      "original": {
        "owner": "NixOS",
        "ref": "nixos-unstable-small",
        "repo": "nixpkgs",
        "type": "github"
      }
    },
    "nixpkgs_2": {
      "locked": {
        "lastModified": 1654687877,
        "narHash": "sha256-46TN18Iri3vC6ySdd3Y0HrYjD5SL+OAlMCrtieb9Zfo=",
        "owner": "NixOS",
        "repo": "nixpkgs",
        "rev": "6b94629394148771699231cbac523deedd7c64ed",
        "type": "github"
      },
      "original": {
        "owner": "NixOS",
        "ref": "nixos-unstable-small",
        "repo": "nixpkgs",
        "type": "github"
      }
    },
    "nixpkgs_3": {
      "locked": {
        "lastModified": 1654687877,
        "narHash": "sha256-46TN18Iri3vC6ySdd3Y0HrYjD5SL+OAlMCrtieb9Zfo=",
        "owner": "NixOS",
        "repo": "nixpkgs",
        "rev": "6b94629394148771699231cbac523deedd7c64ed",
        "type": "github"
      },
      "original": {
        "owner": "NixOS",
        "ref": "nixos-unstable-small",
        "repo": "nixpkgs",
        "type": "github"
      }
    },
    "nixpkgs_4": {
      "locked": {
        "lastModified": 1649824266,
        "narHash": "sha256-ZpHXUuF9bvHooKwGuR1Mr/n2mE/LJ6/MCdCk2AfdD9M=",
        "owner": "NixOS",
        "repo": "nixpkgs",
        "rev": "4ba5f26780e7a27aa2e97676603cd9ef04f11e74",
        "type": "github"
      },
      "original": {
        "owner": "NixOS",
        "ref": "nixos-unstable-small",
        "repo": "nixpkgs",
        "type": "github"
      }
    },
    "nixpkgs_5": {
      "locked": {
        "lastModified": 1654687877,
        "narHash": "sha256-46TN18Iri3vC6ySdd3Y0HrYjD5SL+OAlMCrtieb9Zfo=",
        "owner": "NixOS",
        "repo": "nixpkgs",
        "rev": "6b94629394148771699231cbac523deedd7c64ed",
        "type": "github"
      },
      "original": {
        "owner": "NixOS",
        "ref": "nixos-unstable-small",
        "repo": "nixpkgs",
        "type": "github"
      }
    },
    "nixpkgs_6": {
      "locked": {
        "lastModified": 1654687877,
        "narHash": "sha256-46TN18Iri3vC6ySdd3Y0HrYjD5SL+OAlMCrtieb9Zfo=",
        "owner": "NixOS",
        "repo": "nixpkgs",
        "rev": "6b94629394148771699231cbac523deedd7c64ed",
        "type": "github"
      },
      "original": {
        "owner": "NixOS",
        "ref": "nixos-unstable-small",
        "repo": "nixpkgs",
        "type": "github"
      }
    },
    "nixpkgs_7": {
      "locked": {
        "lastModified": 1654687877,
        "narHash": "sha256-46TN18Iri3vC6ySdd3Y0HrYjD5SL+OAlMCrtieb9Zfo=",
        "owner": "NixOS",
        "repo": "nixpkgs",
        "rev": "6b94629394148771699231cbac523deedd7c64ed",
        "type": "github"
      },
      "original": {
        "owner": "NixOS",
        "ref": "nixos-unstable-small",
        "repo": "nixpkgs",
        "type": "github"
      }
    },
    "nixpkgs_8": {
      "locked": {
        "lastModified": 1654687877,
        "narHash": "sha256-46TN18Iri3vC6ySdd3Y0HrYjD5SL+OAlMCrtieb9Zfo=",
        "owner": "NixOS",
        "repo": "nixpkgs",
        "rev": "6b94629394148771699231cbac523deedd7c64ed",
        "type": "github"
      },
      "original": {
        "owner": "NixOS",
        "ref": "nixos-unstable-small",
        "repo": "nixpkgs",
        "type": "github"
      }
    },
    "nixpkgs_9": {
      "locked": {
        "lastModified": 1654687877,
        "narHash": "sha256-46TN18Iri3vC6ySdd3Y0HrYjD5SL+OAlMCrtieb9Zfo=",
        "owner": "NixOS",
        "repo": "nixpkgs",
        "rev": "6b94629394148771699231cbac523deedd7c64ed",
        "type": "github"
      },
      "original": {
        "owner": "NixOS",
        "ref": "nixos-unstable-small",
        "repo": "nixpkgs",
        "type": "github"
      }
    },
    "pava": {
      "inputs": {
        "flake-utils": "flake-utils_11",
        "nixpkgs": "nixpkgs_10"
      },
      "locked": {
        "lastModified": 1654778760,
        "narHash": "sha256-BUGrYTz7enna/E6Sa7F2mEsDWhf161OmQYrf7xS5RGo=",
        "owner": "dschrempf",
        "repo": "pava",
        "rev": "28f2ade8018fc61898c68919e9ef8d4bca4d611a",
        "type": "github"
      },
      "original": {
        "owner": "dschrempf",
        "repo": "pava",
        "type": "github"
      }
    },
    "pava_2": {
      "inputs": {
        "flake-utils": "flake-utils_12",
        "nixpkgs": "nixpkgs_12"
      },
      "locked": {
        "lastModified": 1654778760,
        "narHash": "sha256-BUGrYTz7enna/E6Sa7F2mEsDWhf161OmQYrf7xS5RGo=",
        "owner": "dschrempf",
        "repo": "pava",
        "rev": "28f2ade8018fc61898c68919e9ef8d4bca4d611a",
        "type": "github"
      },
      "original": {
        "owner": "dschrempf",
        "repo": "pava",
        "type": "github"
      }
    },
    "root": {
      "inputs": {
        "circular": "circular",
        "covariance": "covariance",
        "dirichlet": "dirichlet",
        "dschrempf-nur": "dschrempf-nur",
        "elynx": "elynx",
        "flake-utils": "flake-utils_6",
        "mcmc": "mcmc",
        "nixpkgs": "nixpkgs_11",
        "pava": "pava_2"
      }
    }
  },
  "root": "root",
  "version": 7
}
