{
  "nodes": {
    "circular": {
      "inputs": {
        "flake-utils": "flake-utils",
        "nixpkgs": "nixpkgs"
      },
      "locked": {
        "lastModified": 1655879386,
        "narHash": "sha256-nFOVzsnGibJAQtsUixTRi+WTf9oKznHJJmBZpKWEd1Y=",
        "owner": "dschrempf",
        "repo": "circular",
        "rev": "6b54db3d9333d56cbde86a99f38b2de434a6ea8c",
        "type": "github"
      },
      "original": {
        "owner": "dschrempf",
        "repo": "circular",
        "type": "github"
      }
    },
    "circular_2": {
      "inputs": {
        "flake-utils": "flake-utils_7",
        "nixpkgs": "nixpkgs_6"
      },
      "locked": {
        "lastModified": 1655879386,
        "narHash": "sha256-nFOVzsnGibJAQtsUixTRi+WTf9oKznHJJmBZpKWEd1Y=",
        "owner": "dschrempf",
        "repo": "circular",
        "rev": "6b54db3d9333d56cbde86a99f38b2de434a6ea8c",
        "type": "github"
      },
      "original": {
        "owner": "dschrempf",
        "repo": "circular",
        "type": "github"
      }
    },
    "covariance": {
      "inputs": {
        "flake-utils": "flake-utils_2",
        "nixpkgs": "nixpkgs_2"
      },
      "locked": {
        "lastModified": 1655879807,
        "narHash": "sha256-MTOlBDYyytsWyTwLC6eMIN0gCiP2e++q+CcF1yvIOV0=",
        "owner": "dschrempf",
        "repo": "covariance",
        "rev": "7cc009812a632458f1cab5c93b2d66f3dd8c1dfc",
        "type": "github"
      },
      "original": {
        "owner": "dschrempf",
        "repo": "covariance",
        "type": "github"
      }
    },
    "covariance_2": {
      "inputs": {
        "flake-utils": "flake-utils_8",
        "nixpkgs": "nixpkgs_7"
      },
      "locked": {
        "lastModified": 1655879807,
        "narHash": "sha256-MTOlBDYyytsWyTwLC6eMIN0gCiP2e++q+CcF1yvIOV0=",
        "owner": "dschrempf",
        "repo": "covariance",
        "rev": "7cc009812a632458f1cab5c93b2d66f3dd8c1dfc",
        "type": "github"
      },
      "original": {
        "owner": "dschrempf",
        "repo": "covariance",
        "type": "github"
      }
    },
    "dirichlet": {
      "inputs": {
        "flake-utils": "flake-utils_3",
        "nixpkgs": "nixpkgs_3"
      },
      "locked": {
        "lastModified": 1655881546,
        "narHash": "sha256-10njOdMOXHkXLnibFGedJ+a3dTBhHMJ129dAQ58SSvo=",
        "owner": "dschrempf",
        "repo": "dirichlet",
        "rev": "f6ba954bbde7c423514d2dce78992157d8992ee2",
        "type": "github"
      },
      "original": {
        "owner": "dschrempf",
        "repo": "dirichlet",
        "type": "github"
      }
    },
    "dirichlet_2": {
      "inputs": {
        "flake-utils": "flake-utils_9",
        "nixpkgs": "nixpkgs_8"
      },
      "locked": {
        "lastModified": 1655881546,
        "narHash": "sha256-10njOdMOXHkXLnibFGedJ+a3dTBhHMJ129dAQ58SSvo=",
        "owner": "dschrempf",
        "repo": "dirichlet",
        "rev": "f6ba954bbde7c423514d2dce78992157d8992ee2",
        "type": "github"
      },
      "original": {
        "owner": "dschrempf",
        "repo": "dirichlet",
        "type": "github"
      }
    },
    "dschrempf-nur": {
      "inputs": {
        "flake-utils": "flake-utils_4",
        "nixpkgs": "nixpkgs_4"
      },
      "locked": {
        "lastModified": 1655814602,
        "narHash": "sha256-Vjpp1UeZMEP2A/8e1LEPV7wc3mfVZWh7g6LIoTehvv4=",
        "owner": "dschrempf",
        "repo": "nur-packages",
        "rev": "3bef3d166c4047c1c12b368f87b49268fdf4174f",
        "type": "github"
      },
      "original": {
        "owner": "dschrempf",
        "repo": "nur-packages",
        "type": "github"
      }
    },
    "elynx": {
      "inputs": {
        "flake-utils": "flake-utils_5",
        "nixpkgs": "nixpkgs_5"
      },
      "locked": {
        "lastModified": 1655882210,
        "narHash": "sha256-g67aPAE8zsVOfrYq80x+JqghmvOcpbZmn9xUM/dynQs=",
        "owner": "dschrempf",
        "repo": "elynx",
        "rev": "1abf25d576c03ce0d1a35a6de583963300215828",
        "type": "github"
      },
      "original": {
        "owner": "dschrempf",
        "repo": "elynx",
        "type": "github"
      }
    },
    "flake-utils": {
      "locked": {
        "lastModified": 1653893745,
        "narHash": "sha256-0jntwV3Z8//YwuOjzhV2sgJJPt+HY6KhU7VZUL0fKZQ=",
        "owner": "numtide",
        "repo": "flake-utils",
        "rev": "1ed9fb1935d260de5fe1c2f7ee0ebaae17ed2fa1",
        "type": "github"
      },
      "original": {
        "owner": "numtide",
        "repo": "flake-utils",
        "type": "github"
      }
    },
    "flake-utils_10": {
      "locked": {
        "lastModified": 1653893745,
        "narHash": "sha256-0jntwV3Z8//YwuOjzhV2sgJJPt+HY6KhU7VZUL0fKZQ=",
        "owner": "numtide",
        "repo": "flake-utils",
        "rev": "1ed9fb1935d260de5fe1c2f7ee0ebaae17ed2fa1",
        "type": "github"
      },
      "original": {
        "owner": "numtide",
        "repo": "flake-utils",
        "type": "github"
      }
    },
    "flake-utils_11": {
      "locked": {
        "lastModified": 1653893745,
        "narHash": "sha256-0jntwV3Z8//YwuOjzhV2sgJJPt+HY6KhU7VZUL0fKZQ=",
        "owner": "numtide",
        "repo": "flake-utils",
        "rev": "1ed9fb1935d260de5fe1c2f7ee0ebaae17ed2fa1",
        "type": "github"
      },
      "original": {
        "owner": "numtide",
        "repo": "flake-utils",
        "type": "github"
      }
    },
    "flake-utils_12": {
      "locked": {
        "lastModified": 1653893745,
        "narHash": "sha256-0jntwV3Z8//YwuOjzhV2sgJJPt+HY6KhU7VZUL0fKZQ=",
        "owner": "numtide",
        "repo": "flake-utils",
        "rev": "1ed9fb1935d260de5fe1c2f7ee0ebaae17ed2fa1",
        "type": "github"
      },
      "original": {
        "owner": "numtide",
        "repo": "flake-utils",
        "type": "github"
      }
    },
    "flake-utils_2": {
      "locked": {
        "lastModified": 1653893745,
        "narHash": "sha256-0jntwV3Z8//YwuOjzhV2sgJJPt+HY6KhU7VZUL0fKZQ=",
        "owner": "numtide",
        "repo": "flake-utils",
        "rev": "1ed9fb1935d260de5fe1c2f7ee0ebaae17ed2fa1",
        "type": "github"
      },
      "original": {
        "owner": "numtide",
        "repo": "flake-utils",
        "type": "github"
      }
    },
    "flake-utils_3": {
      "locked": {
        "lastModified": 1653893745,
        "narHash": "sha256-0jntwV3Z8//YwuOjzhV2sgJJPt+HY6KhU7VZUL0fKZQ=",
        "owner": "numtide",
        "repo": "flake-utils",
        "rev": "1ed9fb1935d260de5fe1c2f7ee0ebaae17ed2fa1",
        "type": "github"
      },
      "original": {
        "owner": "numtide",
        "repo": "flake-utils",
        "type": "github"
      }
    },
    "flake-utils_4": {
      "locked": {
        "lastModified": 1653893745,
        "narHash": "sha256-0jntwV3Z8//YwuOjzhV2sgJJPt+HY6KhU7VZUL0fKZQ=",
        "owner": "numtide",
        "repo": "flake-utils",
        "rev": "1ed9fb1935d260de5fe1c2f7ee0ebaae17ed2fa1",
        "type": "github"
      },
      "original": {
        "owner": "numtide",
        "repo": "flake-utils",
        "type": "github"
      }
    },
    "flake-utils_5": {
      "locked": {
        "lastModified": 1653893745,
        "narHash": "sha256-0jntwV3Z8//YwuOjzhV2sgJJPt+HY6KhU7VZUL0fKZQ=",
        "owner": "numtide",
        "repo": "flake-utils",
        "rev": "1ed9fb1935d260de5fe1c2f7ee0ebaae17ed2fa1",
        "type": "github"
      },
      "original": {
        "owner": "numtide",
        "repo": "flake-utils",
        "type": "github"
      }
    },
    "flake-utils_6": {
      "locked": {
        "lastModified": 1653893745,
        "narHash": "sha256-0jntwV3Z8//YwuOjzhV2sgJJPt+HY6KhU7VZUL0fKZQ=",
        "owner": "numtide",
        "repo": "flake-utils",
        "rev": "1ed9fb1935d260de5fe1c2f7ee0ebaae17ed2fa1",
        "type": "github"
      },
      "original": {
        "owner": "numtide",
        "repo": "flake-utils",
        "type": "github"
      }
    },
    "flake-utils_7": {
      "locked": {
        "lastModified": 1653893745,
        "narHash": "sha256-0jntwV3Z8//YwuOjzhV2sgJJPt+HY6KhU7VZUL0fKZQ=",
        "owner": "numtide",
        "repo": "flake-utils",
        "rev": "1ed9fb1935d260de5fe1c2f7ee0ebaae17ed2fa1",
        "type": "github"
      },
      "original": {
        "owner": "numtide",
        "repo": "flake-utils",
        "type": "github"
      }
    },
    "flake-utils_8": {
      "locked": {
        "lastModified": 1653893745,
        "narHash": "sha256-0jntwV3Z8//YwuOjzhV2sgJJPt+HY6KhU7VZUL0fKZQ=",
        "owner": "numtide",
        "repo": "flake-utils",
        "rev": "1ed9fb1935d260de5fe1c2f7ee0ebaae17ed2fa1",
        "type": "github"
      },
      "original": {
        "owner": "numtide",
        "repo": "flake-utils",
        "type": "github"
      }
    },
    "flake-utils_9": {
      "locked": {
        "lastModified": 1653893745,
        "narHash": "sha256-0jntwV3Z8//YwuOjzhV2sgJJPt+HY6KhU7VZUL0fKZQ=",
        "owner": "numtide",
        "repo": "flake-utils",
        "rev": "1ed9fb1935d260de5fe1c2f7ee0ebaae17ed2fa1",
        "type": "github"
      },
      "original": {
        "owner": "numtide",
        "repo": "flake-utils",
        "type": "github"
      }
    },
    "mcmc": {
      "inputs": {
        "circular": "circular_2",
        "covariance": "covariance_2",
        "dirichlet": "dirichlet_2",
        "flake-utils": "flake-utils_10",
        "nixpkgs": "nixpkgs_9",
        "pava": "pava"
      },
      "locked": {
        "lastModified": 1655883583,
        "narHash": "sha256-aO45HeE8AibbURtkHFpJ3fk1XxNXiFpPedsf1fQwmwI=",
        "owner": "dschrempf",
        "repo": "mcmc",
        "rev": "b1ddbda39e470ff9d17b234547df38762e0ddd5b",
        "type": "github"
      },
      "original": {
        "owner": "dschrempf",
        "repo": "mcmc",
        "type": "github"
      }
    },
    "nixpkgs": {
      "locked": {
        "lastModified": 1655838478,
        "narHash": "sha256-SWxu/sJffp/kcy+wT8mLZpnTIXNP3a9qs0O1IRArOLo=",
        "owner": "NixOS",
        "repo": "nixpkgs",
        "rev": "170a413797473733c5be0dd08cdbbab0e39b8aae",
        "type": "github"
      },
      "original": {
        "owner": "NixOS",
        "ref": "nixos-unstable-small",
        "repo": "nixpkgs",
        "type": "github"
      }
    },
    "nixpkgs_10": {
      "locked": {
        "lastModified": 1655838478,
        "narHash": "sha256-SWxu/sJffp/kcy+wT8mLZpnTIXNP3a9qs0O1IRArOLo=",
        "owner": "NixOS",
        "repo": "nixpkgs",
        "rev": "170a413797473733c5be0dd08cdbbab0e39b8aae",
        "type": "github"
      },
      "original": {
        "owner": "NixOS",
        "ref": "nixos-unstable-small",
        "repo": "nixpkgs",
        "type": "github"
      }
    },
    "nixpkgs_11": {
      "locked": {
        "lastModified": 1655838478,
        "narHash": "sha256-SWxu/sJffp/kcy+wT8mLZpnTIXNP3a9qs0O1IRArOLo=",
        "owner": "NixOS",
        "repo": "nixpkgs",
        "rev": "170a413797473733c5be0dd08cdbbab0e39b8aae",
        "type": "github"
      },
      "original": {
        "owner": "NixOS",
        "ref": "nixos-unstable-small",
        "repo": "nixpkgs",
        "type": "github"
      }
    },
    "nixpkgs_12": {
      "locked": {
        "lastModified": 1655838478,
        "narHash": "sha256-SWxu/sJffp/kcy+wT8mLZpnTIXNP3a9qs0O1IRArOLo=",
        "owner": "NixOS",
        "repo": "nixpkgs",
        "rev": "170a413797473733c5be0dd08cdbbab0e39b8aae",
        "type": "github"
      },
      "original": {
        "owner": "NixOS",
        "ref": "nixos-unstable-small",
        "repo": "nixpkgs",
        "type": "github"
      }
    },
    "nixpkgs_2": {
      "locked": {
        "lastModified": 1655838478,
        "narHash": "sha256-SWxu/sJffp/kcy+wT8mLZpnTIXNP3a9qs0O1IRArOLo=",
        "owner": "NixOS",
        "repo": "nixpkgs",
        "rev": "170a413797473733c5be0dd08cdbbab0e39b8aae",
        "type": "github"
      },
      "original": {
        "owner": "NixOS",
        "ref": "nixos-unstable-small",
        "repo": "nixpkgs",
        "type": "github"
      }
    },
    "nixpkgs_3": {
      "locked": {
        "lastModified": 1655838478,
        "narHash": "sha256-SWxu/sJffp/kcy+wT8mLZpnTIXNP3a9qs0O1IRArOLo=",
        "owner": "NixOS",
        "repo": "nixpkgs",
        "rev": "170a413797473733c5be0dd08cdbbab0e39b8aae",
        "type": "github"
      },
      "original": {
        "owner": "NixOS",
        "ref": "nixos-unstable-small",
        "repo": "nixpkgs",
        "type": "github"
      }
    },
    "nixpkgs_4": {
      "locked": {
        "lastModified": 1655707439,
        "narHash": "sha256-pLQHpTFguAtlpKA/iXw4EYKvTUKj4pAa3I/XYf8Yi1U=",
        "owner": "NixOS",
        "repo": "nixpkgs",
        "rev": "c8f6b47ac9ed1e9b7f4672ef108299c8d4046a3f",
        "type": "github"
      },
      "original": {
        "owner": "NixOS",
        "ref": "nixos-unstable-small",
        "repo": "nixpkgs",
        "type": "github"
      }
    },
    "nixpkgs_5": {
      "locked": {
        "lastModified": 1655838478,
        "narHash": "sha256-SWxu/sJffp/kcy+wT8mLZpnTIXNP3a9qs0O1IRArOLo=",
        "owner": "NixOS",
        "repo": "nixpkgs",
        "rev": "170a413797473733c5be0dd08cdbbab0e39b8aae",
        "type": "github"
      },
      "original": {
        "owner": "NixOS",
        "ref": "nixos-unstable-small",
        "repo": "nixpkgs",
        "type": "github"
      }
    },
    "nixpkgs_6": {
      "locked": {
        "lastModified": 1655838478,
        "narHash": "sha256-SWxu/sJffp/kcy+wT8mLZpnTIXNP3a9qs0O1IRArOLo=",
        "owner": "NixOS",
        "repo": "nixpkgs",
        "rev": "170a413797473733c5be0dd08cdbbab0e39b8aae",
        "type": "github"
      },
      "original": {
        "owner": "NixOS",
        "ref": "nixos-unstable-small",
        "repo": "nixpkgs",
        "type": "github"
      }
    },
    "nixpkgs_7": {
      "locked": {
        "lastModified": 1655838478,
        "narHash": "sha256-SWxu/sJffp/kcy+wT8mLZpnTIXNP3a9qs0O1IRArOLo=",
        "owner": "NixOS",
        "repo": "nixpkgs",
        "rev": "170a413797473733c5be0dd08cdbbab0e39b8aae",
        "type": "github"
      },
      "original": {
        "owner": "NixOS",
        "ref": "nixos-unstable-small",
        "repo": "nixpkgs",
        "type": "github"
      }
    },
    "nixpkgs_8": {
      "locked": {
        "lastModified": 1655838478,
        "narHash": "sha256-SWxu/sJffp/kcy+wT8mLZpnTIXNP3a9qs0O1IRArOLo=",
        "owner": "NixOS",
        "repo": "nixpkgs",
        "rev": "170a413797473733c5be0dd08cdbbab0e39b8aae",
        "type": "github"
      },
      "original": {
        "owner": "NixOS",
        "ref": "nixos-unstable-small",
        "repo": "nixpkgs",
        "type": "github"
      }
    },
    "nixpkgs_9": {
      "locked": {
        "lastModified": 1655838478,
        "narHash": "sha256-SWxu/sJffp/kcy+wT8mLZpnTIXNP3a9qs0O1IRArOLo=",
        "owner": "NixOS",
        "repo": "nixpkgs",
        "rev": "170a413797473733c5be0dd08cdbbab0e39b8aae",
        "type": "github"
      },
      "original": {
        "owner": "NixOS",
        "ref": "nixos-unstable-small",
        "repo": "nixpkgs",
        "type": "github"
      }
    },
    "pava": {
      "inputs": {
        "flake-utils": "flake-utils_11",
        "nixpkgs": "nixpkgs_10"
      },
      "locked": {
        "lastModified": 1655881863,
        "narHash": "sha256-1YNj+FwMOEtF0hEvXQML1wVuSv1+InblZhZFLBVcpDM=",
        "owner": "dschrempf",
        "repo": "pava",
        "rev": "c89953ecd17f8b0759e97caa7866fe45806eceb7",
        "type": "github"
      },
      "original": {
        "owner": "dschrempf",
        "repo": "pava",
        "type": "github"
      }
    },
    "pava_2": {
      "inputs": {
        "flake-utils": "flake-utils_12",
        "nixpkgs": "nixpkgs_12"
      },
      "locked": {
        "lastModified": 1655881863,
        "narHash": "sha256-1YNj+FwMOEtF0hEvXQML1wVuSv1+InblZhZFLBVcpDM=",
        "owner": "dschrempf",
        "repo": "pava",
        "rev": "c89953ecd17f8b0759e97caa7866fe45806eceb7",
        "type": "github"
      },
      "original": {
        "owner": "dschrempf",
        "repo": "pava",
        "type": "github"
      }
    },
    "root": {
      "inputs": {
        "circular": "circular",
        "covariance": "covariance",
        "dirichlet": "dirichlet",
        "dschrempf-nur": "dschrempf-nur",
        "elynx": "elynx",
        "flake-utils": "flake-utils_6",
        "mcmc": "mcmc",
        "nixpkgs": "nixpkgs_11",
        "pava": "pava_2"
      }
    }
  },
  "root": "root",
  "version": 7
}
